
Microsoft Visual Studio Solution File, Format Version 12.00
# Visual Studio 15
VisualStudioVersion = 15.0.28010.2026
MinimumVisualStudioVersion = 10.0.40219.1
Project("{E24C65DC-7377-472B-9ABA-BC803B73C61A}") = "RotateTriangle", "RotateTriangle\", "{984BB5EE-3D3D-488C-A158-44533C0F7D46}"
	ProjectSection(WebsiteProperties) = preProject
		TargetFrameworkMoniker = ".NETFramework,Version%3Dv4.6.1"
		Debug.AspNetCompiler.VirtualPath = "/localhost_49648"
		Debug.AspNetCompiler.PhysicalPath = "RotateTriangle\"
		Debug.AspNetCompiler.TargetPath = "PrecompiledWeb\localhost_49648\"
		Debug.AspNetCompiler.Updateable = "true"
		Debug.AspNetCompiler.ForceOverwrite = "true"
		Debug.AspNetCompiler.FixedNames = "false"
		Debug.AspNetCompiler.Debug = "True"
		Release.AspNetCompiler.VirtualPath = "/localhost_49648"
		Release.AspNetCompiler.PhysicalPath = "RotateTriangle\"
		Release.AspNetCompiler.TargetPath = "PrecompiledWeb\localhost_49648\"
		Release.AspNetCompiler.Updateable = "true"
		Release.AspNetCompiler.ForceOverwrite = "true"
		Release.AspNetCompiler.FixedNames = "false"
		Release.AspNetCompiler.Debug = "False"
		VWDPort = "49648"
		SlnRelativePath = "RotateTriangle\"
		DefaultWebSiteLanguage = "Visual C#"
	EndProjectSection
EndProject
Global
	GlobalSection(SolutionConfigurationPlatforms) = preSolution
		Debug|Any CPU = Debug|Any CPU
	EndGlobalSection
	GlobalSection(ProjectConfigurationPlatforms) = postSolution
		{984BB5EE-3D3D-488C-A158-44533C0F7D46}.Debug|Any CPU.ActiveCfg = Debug|Any CPU
		{984BB5EE-3D3D-488C-A158-44533C0F7D46}.Debug|Any CPU.Build.0 = Debug|Any CPU
	EndGlobalSection
	GlobalSection(SolutionProperties) = preSolution
		HideSolutionNode = FALSE
	EndGlobalSection
	GlobalSection(ExtensibilityGlobals) = postSolution
		SolutionGuid = {515BCF20-859C-4A18-A561-15C140AED59C}
	EndGlobalSection
EndGlobal
